
Microsoft Visual Studio Solution File, Format Version 12.00
# Visual Studio 14
VisualStudioVersion = 14.0.23107.0
MinimumVisualStudioVersion = 10.0.40219.1
Project("{FAE04EC0-301F-11D3-BF4B-00C04F79EFBC}") = "GolfScoreCard", "GolfScoreCard\GolfScoreCard.csproj", "{B6403809-F24C-4FF8-953A-2A6669A304E9}"
EndProject
Project("{FAE04EC0-301F-11D3-BF4B-00C04F79EFBC}") = "GolfScoreCard.Tests", "GolfScoreCard.Tests\GolfScoreCard.Tests.csproj", "{24FFCEBA-D05A-4F42-9DC3-2DE1080F2016}"
EndProject
Global
	GlobalSection(SolutionConfigurationPlatforms) = preSolution
		Debug|Any CPU = Debug|Any CPU
		Release|Any CPU = Release|Any CPU
	EndGlobalSection
	GlobalSection(ProjectConfigurationPlatforms) = postSolution
		{B6403809-F24C-4FF8-953A-2A6669A304E9}.Debug|Any CPU.ActiveCfg = Debug|Any CPU
		{B6403809-F24C-4FF8-953A-2A6669A304E9}.Debug|Any CPU.Build.0 = Debug|Any CPU
		{B6403809-F24C-4FF8-953A-2A6669A304E9}.Release|Any CPU.ActiveCfg = Release|Any CPU
		{B6403809-F24C-4FF8-953A-2A6669A304E9}.Release|Any CPU.Build.0 = Release|Any CPU
		{24FFCEBA-D05A-4F42-9DC3-2DE1080F2016}.Debug|Any CPU.ActiveCfg = Debug|Any CPU
		{24FFCEBA-D05A-4F42-9DC3-2DE1080F2016}.Debug|Any CPU.Build.0 = Debug|Any CPU
		{24FFCEBA-D05A-4F42-9DC3-2DE1080F2016}.Release|Any CPU.ActiveCfg = Release|Any CPU
		{24FFCEBA-D05A-4F42-9DC3-2DE1080F2016}.Release|Any CPU.Build.0 = Release|Any CPU
	EndGlobalSection
	GlobalSection(SolutionProperties) = preSolution
		HideSolutionNode = FALSE
	EndGlobalSection
EndGlobal
